
Microsoft Visual Studio Solution File, Format Version 12.00
# Visual Studio 2015
Project("{FAE04EC0-301F-11D3-BF4B-00C04F79EFBC}") = "BomberManHololense", "BomberManHololense.csproj", "{F548C24C-705A-F59A-8E1F-472CD9B540D3}"
EndProject
Global
	GlobalSection(SolutionConfigurationPlatforms) = preSolution
		Debug|Any CPU = Debug|Any CPU
		Release|Any CPU = Release|Any CPU
	EndGlobalSection
	GlobalSection(ProjectConfigurationPlatforms) = postSolution
		{F548C24C-705A-F59A-8E1F-472CD9B540D3}.Debug|Any CPU.ActiveCfg = Debug|Any CPU
		{F548C24C-705A-F59A-8E1F-472CD9B540D3}.Debug|Any CPU.Build.0 = Debug|Any CPU
		{F548C24C-705A-F59A-8E1F-472CD9B540D3}.Release|Any CPU.ActiveCfg = Release|Any CPU
		{F548C24C-705A-F59A-8E1F-472CD9B540D3}.Release|Any CPU.Build.0 = Release|Any CPU
	EndGlobalSection
	GlobalSection(SolutionProperties) = preSolution
		HideSolutionNode = FALSE
	EndGlobalSection
EndGlobal
